
Microsoft Visual Studio Solution File, Format Version 12.00
# Visual Studio Version 17
VisualStudioVersion = 17.4.33103.184
MinimumVisualStudioVersion = 10.0.40219.1
Project("{9A19103F-16F7-4668-BE54-9A1E7A4F7556}") = "GptBotTest", "GptBotTest\GptBotTest.csproj", "{A2259556-44B0-4510-8327-3CB131C83F1D}"
EndProject
Project("{9A19103F-16F7-4668-BE54-9A1E7A4F7556}") = "GptInvoke", "GptInvoke\GptInvoke.csproj", "{05663398-50A5-4C6A-A215-AA4BAC6B0AAA}"
EndProject
Project("{2150E333-8FDC-42A3-9474-1A3956D46DE8}") = "SolutionItems", "SolutionItems", "{E88DA3E9-0A31-4B06-A532-0DB9CE9E09EF}"
	ProjectSection(SolutionItems) = preProject
		LICENSE = LICENSE
		README.md = README.md
	EndProjectSection
EndProject
Global
	GlobalSection(SolutionConfigurationPlatforms) = preSolution
		Debug|Any CPU = Debug|Any CPU
		Release|Any CPU = Release|Any CPU
	EndGlobalSection
	GlobalSection(ProjectConfigurationPlatforms) = postSolution
		{A2259556-44B0-4510-8327-3CB131C83F1D}.Debug|Any CPU.ActiveCfg = Debug|Any CPU
		{A2259556-44B0-4510-8327-3CB131C83F1D}.Debug|Any CPU.Build.0 = Debug|Any CPU
		{A2259556-44B0-4510-8327-3CB131C83F1D}.Release|Any CPU.ActiveCfg = Release|Any CPU
		{A2259556-44B0-4510-8327-3CB131C83F1D}.Release|Any CPU.Build.0 = Release|Any CPU
		{05663398-50A5-4C6A-A215-AA4BAC6B0AAA}.Debug|Any CPU.ActiveCfg = Debug|Any CPU
		{05663398-50A5-4C6A-A215-AA4BAC6B0AAA}.Debug|Any CPU.Build.0 = Debug|Any CPU
		{05663398-50A5-4C6A-A215-AA4BAC6B0AAA}.Release|Any CPU.ActiveCfg = Release|Any CPU
		{05663398-50A5-4C6A-A215-AA4BAC6B0AAA}.Release|Any CPU.Build.0 = Release|Any CPU
	EndGlobalSection
	GlobalSection(SolutionProperties) = preSolution
		HideSolutionNode = FALSE
	EndGlobalSection
	GlobalSection(ExtensibilityGlobals) = postSolution
		SolutionGuid = {CC5AF013-B1C7-4602-9DFF-E90C9331DD3C}
	EndGlobalSection
EndGlobal
